
Microsoft Visual Studio Solution File, Format Version 12.00
# Visual Studio 15
VisualStudioVersion = 15.0.28010.2036
MinimumVisualStudioVersion = 10.0.40219.1
Project("{FAE04EC0-301F-11D3-BF4B-00C04F79EFBC}") = "database", "database\database.csproj", "{44CC374A-9CF4-427E-BCB9-609218A5879F}"
EndProject
Global
	GlobalSection(SolutionConfigurationPlatforms) = preSolution
		Debug|Any CPU = Debug|Any CPU
		Release|Any CPU = Release|Any CPU
	EndGlobalSection
	GlobalSection(ProjectConfigurationPlatforms) = postSolution
		{44CC374A-9CF4-427E-BCB9-609218A5879F}.Debug|Any CPU.ActiveCfg = Debug|Any CPU
		{44CC374A-9CF4-427E-BCB9-609218A5879F}.Debug|Any CPU.Build.0 = Debug|Any CPU
		{44CC374A-9CF4-427E-BCB9-609218A5879F}.Release|Any CPU.ActiveCfg = Release|Any CPU
		{44CC374A-9CF4-427E-BCB9-609218A5879F}.Release|Any CPU.Build.0 = Release|Any CPU
	EndGlobalSection
	GlobalSection(SolutionProperties) = preSolution
		HideSolutionNode = FALSE
	EndGlobalSection
	GlobalSection(ExtensibilityGlobals) = postSolution
		SolutionGuid = {F0770EB5-1BA2-49E1-97DF-224C12341589}
	EndGlobalSection
EndGlobal
